// !$*UTF8*$!
{
	archiveVersion = 1;
	classes = {
	};
	objectVersion = 50;
	objects = {

/* Begin PBXBuildFile section */
		89A262442475B2FA009DB5AA /* CustomLocationsTableViewController.swift in Sources */ = {isa = PBXBuildFile; fileRef = 89A262432475B2FA009DB5AA /* CustomLocationsTableViewController.swift */; };
		89A262462475B84F009DB5AA /* CustomLocDetailViewController.swift in Sources */ = {isa = PBXBuildFile; fileRef = 89A262452475B84F009DB5AA /* CustomLocDetailViewController.swift */; };
		89A262482475BD2B009DB5AA /* LocationTableViewCell.swift in Sources */ = {isa = PBXBuildFile; fileRef = 89A262472475BD2B009DB5AA /* LocationTableViewCell.swift */; };
		89B80D032468C16100EACD12 /* AppDelegate.swift in Sources */ = {isa = PBXBuildFile; fileRef = 89B80D022468C16100EACD12 /* AppDelegate.swift */; };
		89B80D052468C16100EACD12 /* SceneDelegate.swift in Sources */ = {isa = PBXBuildFile; fileRef = 89B80D042468C16100EACD12 /* SceneDelegate.swift */; };
		89B80D072468C16100EACD12 /* GlobalDataViewController.swift in Sources */ = {isa = PBXBuildFile; fileRef = 89B80D062468C16100EACD12 /* GlobalDataViewController.swift */; };
		89B80D0A2468C16100EACD12 /* Main.storyboard in Resources */ = {isa = PBXBuildFile; fileRef = 89B80D082468C16100EACD12 /* Main.storyboard */; };
		89B80D0C2468C16600EACD12 /* Assets.xcassets in Resources */ = {isa = PBXBuildFile; fileRef = 89B80D0B2468C16600EACD12 /* Assets.xcassets */; };
		89B80D0F2468C16600EACD12 /* LaunchScreen.storyboard in Resources */ = {isa = PBXBuildFile; fileRef = 89B80D0D2468C16600EACD12 /* LaunchScreen.storyboard */; };
		89C2AE1324705A740001BBF1 /* SearchViewController.swift in Sources */ = {isa = PBXBuildFile; fileRef = 89C2AE1224705A740001BBF1 /* SearchViewController.swift */; };
		89DF452D2468CA1400B72647 /* DetailViewController.swift in Sources */ = {isa = PBXBuildFile; fileRef = 89DF452C2468CA1400B72647 /* DetailViewController.swift */; };
		89DF452F2468DF1D00B72647 /* GlobalData.swift in Sources */ = {isa = PBXBuildFile; fileRef = 89DF452E2468DF1D00B72647 /* GlobalData.swift */; };
		89DF45312468E2C000B72647 /* Countries.swift in Sources */ = {isa = PBXBuildFile; fileRef = 89DF45302468E2C000B72647 /* Countries.swift */; };
		89DF45332468E80000B72647 /* CountryData.swift in Sources */ = {isa = PBXBuildFile; fileRef = 89DF45322468E80000B72647 /* CountryData.swift */; };
		89DF45352468EA4B00B72647 /* GlobalDataSet.swift in Sources */ = {isa = PBXBuildFile; fileRef = 89DF45342468EA4B00B72647 /* GlobalDataSet.swift */; };
/* End PBXBuildFile section */

/* Begin PBXFileReference section */
		89A262432475B2FA009DB5AA /* CustomLocationsTableViewController.swift */ = {isa = PBXFileReference; lastKnownFileType = sourcecode.swift; path = CustomLocationsTableViewController.swift; sourceTree = "<group>"; };
		89A262452475B84F009DB5AA /* CustomLocDetailViewController.swift */ = {isa = PBXFileReference; lastKnownFileType = sourcecode.swift; path = CustomLocDetailViewController.swift; sourceTree = "<group>"; };
		89A262472475BD2B009DB5AA /* LocationTableViewCell.swift */ = {isa = PBXFileReference; lastKnownFileType = sourcecode.swift; path = LocationTableViewCell.swift; sourceTree = "<group>"; };
		89B80CFF2468C16100EACD12 /* COVID-Live.app */ = {isa = PBXFileReference; explicitFileType = wrapper.application; includeInIndex = 0; path = "COVID-Live.app"; sourceTree = BUILT_PRODUCTS_DIR; };
		89B80D022468C16100EACD12 /* AppDelegate.swift */ = {isa = PBXFileReference; lastKnownFileType = sourcecode.swift; path = AppDelegate.swift; sourceTree = "<group>"; };
		89B80D042468C16100EACD12 /* SceneDelegate.swift */ = {isa = PBXFileReference; lastKnownFileType = sourcecode.swift; path = SceneDelegate.swift; sourceTree = "<group>"; };
		89B80D062468C16100EACD12 /* GlobalDataViewController.swift */ = {isa = PBXFileReference; lastKnownFileType = sourcecode.swift; path = GlobalDataViewController.swift; sourceTree = "<group>"; };
		89B80D092468C16100EACD12 /* Base */ = {isa = PBXFileReference; lastKnownFileType = file.storyboard; name = Base; path = Base.lproj/Main.storyboard; sourceTree = "<group>"; };
		89B80D0B2468C16600EACD12 /* Assets.xcassets */ = {isa = PBXFileReference; lastKnownFileType = folder.assetcatalog; path = Assets.xcassets; sourceTree = "<group>"; };
		89B80D0E2468C16600EACD12 /* Base */ = {isa = PBXFileReference; lastKnownFileType = file.storyboard; name = Base; path = Base.lproj/LaunchScreen.storyboard; sourceTree = "<group>"; };
		89B80D102468C16600EACD12 /* Info.plist */ = {isa = PBXFileReference; lastKnownFileType = text.plist.xml; path = Info.plist; sourceTree = "<group>"; };
		89C2AE1224705A740001BBF1 /* SearchViewController.swift */ = {isa = PBXFileReference; lastKnownFileType = sourcecode.swift; path = SearchViewController.swift; sourceTree = "<group>"; };
		89DF452C2468CA1400B72647 /* DetailViewController.swift */ = {isa = PBXFileReference; lastKnownFileType = sourcecode.swift; path = DetailViewController.swift; sourceTree = "<group>"; };
		89DF452E2468DF1D00B72647 /* GlobalData.swift */ = {isa = PBXFileReference; lastKnownFileType = sourcecode.swift; path = GlobalData.swift; sourceTree = "<group>"; };
		89DF45302468E2C000B72647 /* Countries.swift */ = {isa = PBXFileReference; lastKnownFileType = sourcecode.swift; path = Countries.swift; sourceTree = "<group>"; };
		89DF45322468E80000B72647 /* CountryData.swift */ = {isa = PBXFileReference; lastKnownFileType = sourcecode.swift; path = CountryData.swift; sourceTree = "<group>"; };
		89DF45342468EA4B00B72647 /* GlobalDataSet.swift */ = {isa = PBXFileReference; lastKnownFileType = sourcecode.swift; path = GlobalDataSet.swift; sourceTree = "<group>"; };
/* End PBXFileReference section */

/* Begin PBXFrameworksBuildPhase section */
		89B80CFC2468C16100EACD12 /* Frameworks */ = {
			isa = PBXFrameworksBuildPhase;
			buildActionMask = 2147483647;
			files = (
			);
			runOnlyForDeploymentPostprocessing = 0;
		};
/* End PBXFrameworksBuildPhase section */

/* Begin PBXGroup section */
		89B80CF62468C16100EACD12 = {
			isa = PBXGroup;
			children = (
				89B80D012468C16100EACD12 /* COVID-Live */,
				89B80D002468C16100EACD12 /* Products */,
			);
			sourceTree = "<group>";
		};
		89B80D002468C16100EACD12 /* Products */ = {
			isa = PBXGroup;
			children = (
				89B80CFF2468C16100EACD12 /* COVID-Live.app */,
			);
			name = Products;
			sourceTree = "<group>";
		};
		89B80D012468C16100EACD12 /* COVID-Live */ = {
			isa = PBXGroup;
			children = (
				89B80D022468C16100EACD12 /* AppDelegate.swift */,
				89B80D042468C16100EACD12 /* SceneDelegate.swift */,
				89B80D062468C16100EACD12 /* GlobalDataViewController.swift */,
				89DF45302468E2C000B72647 /* Countries.swift */,
				89DF45342468EA4B00B72647 /* GlobalDataSet.swift */,
				89DF45322468E80000B72647 /* CountryData.swift */,
				89DF452E2468DF1D00B72647 /* GlobalData.swift */,
				89B80D082468C16100EACD12 /* Main.storyboard */,
				89A262472475BD2B009DB5AA /* LocationTableViewCell.swift */,
				89A262452475B84F009DB5AA /* CustomLocDetailViewController.swift */,
				89A262432475B2FA009DB5AA /* CustomLocationsTableViewController.swift */,
				89C2AE1224705A740001BBF1 /* SearchViewController.swift */,
				89DF452C2468CA1400B72647 /* DetailViewController.swift */,
				89B80D0B2468C16600EACD12 /* Assets.xcassets */,
				89B80D0D2468C16600EACD12 /* LaunchScreen.storyboard */,
				89B80D102468C16600EACD12 /* Info.plist */,
			);
			path = "COVID-Live";
			sourceTree = "<group>";
		};
/* End PBXGroup section */

/* Begin PBXNativeTarget section */
		89B80CFE2468C16100EACD12 /* COVID-Live */ = {
			isa = PBXNativeTarget;
			buildConfigurationList = 89B80D132468C16600EACD12 /* Build configuration list for PBXNativeTarget "COVID-Live" */;
			buildPhases = (
				89B80CFB2468C16100EACD12 /* Sources */,
				89B80CFC2468C16100EACD12 /* Frameworks */,
				89B80CFD2468C16100EACD12 /* Resources */,
			);
			buildRules = (
			);
			dependencies = (
			);
			name = "COVID-Live";
			productName = "COVID-Live";
			productReference = 89B80CFF2468C16100EACD12 /* COVID-Live.app */;
			productType = "com.apple.product-type.application";
		};
/* End PBXNativeTarget section */

/* Begin PBXProject section */
		89B80CF72468C16100EACD12 /* Project object */ = {
			isa = PBXProject;
			attributes = {
				LastSwiftUpdateCheck = 1140;
				LastUpgradeCheck = 1140;
				ORGANIZATIONNAME = "Samar Seth";
				TargetAttributes = {
					89B80CFE2468C16100EACD12 = {
						CreatedOnToolsVersion = 11.4.1;
					};
				};
			};
			buildConfigurationList = 89B80CFA2468C16100EACD12 /* Build configuration list for PBXProject "COVID-Live" */;
			compatibilityVersion = "Xcode 9.3";
			developmentRegion = en;
			hasScannedForEncodings = 0;
			knownRegions = (
				en,
				Base,
			);
			mainGroup = 89B80CF62468C16100EACD12;
			productRefGroup = 89B80D002468C16100EACD12 /* Products */;
			projectDirPath = "";
			projectRoot = "";
			targets = (
				89B80CFE2468C16100EACD12 /* COVID-Live */,
			);
		};
/* End PBXProject section */

/* Begin PBXResourcesBuildPhase section */
		89B80CFD2468C16100EACD12 /* Resources */ = {
			isa = PBXResourcesBuildPhase;
			buildActionMask = 2147483647;
			files = (
				89B80D0F2468C16600EACD12 /* LaunchScreen.storyboard in Resources */,
				89B80D0C2468C16600EACD12 /* Assets.xcassets in Resources */,
				89B80D0A2468C16100EACD12 /* Main.storyboard in Resources */,
			);
			runOnlyForDeploymentPostprocessing = 0;
		};
/* End PBXResourcesBuildPhase section */

/* Begin PBXSourcesBuildPhase section */
		89B80CFB2468C16100EACD12 /* Sources */ = {
			isa = PBXSourcesBuildPhase;
			buildActionMask = 2147483647;
			files = (
				89C2AE1324705A740001BBF1 /* SearchViewController.swift in Sources */,
				89A262462475B84F009DB5AA /* CustomLocDetailViewController.swift in Sources */,
				89A262442475B2FA009DB5AA /* CustomLocationsTableViewController.swift in Sources */,
				89DF45312468E2C000B72647 /* Countries.swift in Sources */,
				89DF45352468EA4B00B72647 /* GlobalDataSet.swift in Sources */,
				89DF452F2468DF1D00B72647 /* GlobalData.swift in Sources */,
				89A262482475BD2B009DB5AA /* LocationTableViewCell.swift in Sources */,
				89DF45332468E80000B72647 /* CountryData.swift in Sources */,
				89B80D072468C16100EACD12 /* GlobalDataViewController.swift in Sources */,
				89DF452D2468CA1400B72647 /* DetailViewController.swift in Sources */,
				89B80D032468C16100EACD12 /* AppDelegate.swift in Sources */,
				89B80D052468C16100EACD12 /* SceneDelegate.swift in Sources */,
			);
			runOnlyForDeploymentPostprocessing = 0;
		};
/* End PBXSourcesBuildPhase section */

/* Begin PBXVariantGroup section */
		89B80D082468C16100EACD12 /* Main.storyboard */ = {
			isa = PBXVariantGroup;
			children = (
				89B80D092468C16100EACD12 /* Base */,
			);
			name = Main.storyboard;
			sourceTree = "<group>";
		};
		89B80D0D2468C16600EACD12 /* LaunchScreen.storyboard */ = {
			isa = PBXVariantGroup;
			children = (
				89B80D0E2468C16600EACD12 /* Base */,
			);
			name = LaunchScreen.storyboard;
			sourceTree = "<group>";
		};
/* End PBXVariantGroup section */

/* Begin XCBuildConfiguration section */
		89B80D112468C16600EACD12 /* Debug */ = {
			isa = XCBuildConfiguration;
			buildSettings = {
				ALWAYS_SEARCH_USER_PATHS = NO;
				CLANG_ANALYZER_NONNULL = YES;
				CLANG_ANALYZER_NUMBER_OBJECT_CONVERSION = YES_AGGRESSIVE;
				CLANG_CXX_LANGUAGE_STANDARD = "gnu++14";
				CLANG_CXX_LIBRARY = "libc++";
				CLANG_ENABLE_MODULES = YES;
				CLANG_ENABLE_OBJC_ARC = YES;
				CLANG_ENABLE_OBJC_WEAK = YES;
				CLANG_WARN_BLOCK_CAPTURE_AUTORELEASING = YES;
				CLANG_WARN_BOOL_CONVERSION = YES;
				CLANG_WARN_COMMA = YES;
				CLANG_WARN_CONSTANT_CONVERSION = YES;
				CLANG_WARN_DEPRECATED_OBJC_IMPLEMENTATIONS = YES;
				CLANG_WARN_DIRECT_OBJC_ISA_USAGE = YES_ERROR;
				CLANG_WARN_DOCUMENTATION_COMMENTS = YES;
				CLANG_WARN_EMPTY_BODY = YES;
				CLANG_WARN_ENUM_CONVERSION = YES;
				CLANG_WARN_INFINITE_RECURSION = YES;
				CLANG_WARN_INT_CONVERSION = YES;
				CLANG_WARN_NON_LITERAL_NULL_CONVERSION = YES;
				CLANG_WARN_OBJC_IMPLICIT_RETAIN_SELF = YES;
				CLANG_WARN_OBJC_LITERAL_CONVERSION = YES;
				CLANG_WARN_OBJC_ROOT_CLASS = YES_ERROR;
				CLANG_WARN_RANGE_LOOP_ANALYSIS = YES;
				CLANG_WARN_STRICT_PROTOTYPES = YES;
				CLANG_WARN_SUSPICIOUS_MOVE = YES;
				CLANG_WARN_UNGUARDED_AVAILABILITY = YES_AGGRESSIVE;
				CLANG_WARN_UNREACHABLE_CODE = YES;
				CLANG_WARN__DUPLICATE_METHOD_MATCH = YES;
				COPY_PHASE_STRIP = NO;
				DEBUG_INFORMATION_FORMAT = dwarf;
				ENABLE_STRICT_OBJC_MSGSEND = YES;
				ENABLE_TESTABILITY = YES;
				GCC_C_LANGUAGE_STANDARD = gnu11;
				GCC_DYNAMIC_NO_PIC = NO;
				GCC_NO_COMMON_BLOCKS = YES;
				GCC_OPTIMIZATION_LEVEL = 0;
				GCC_PREPROCESSOR_DEFINITIONS = (
					"DEBUG=1",
					"$(inherited)",
				);
				GCC_WARN_64_TO_32_BIT_CONVERSION = YES;
				GCC_WARN_ABOUT_RETURN_TYPE = YES_ERROR;
				GCC_WARN_UNDECLARED_SELECTOR = YES;
				GCC_WARN_UNINITIALIZED_AUTOS = YES_AGGRESSIVE;
				GCC_WARN_UNUSED_FUNCTION = YES;
				GCC_WARN_UNUSED_VARIABLE = YES;
				IPHONEOS_DEPLOYMENT_TARGET = 13.4;
				MTL_ENABLE_DEBUG_INFO = INCLUDE_SOURCE;
				MTL_FAST_MATH = YES;
				ONLY_ACTIVE_ARCH = YES;
				SDKROOT = iphoneos;
				SWIFT_ACTIVE_COMPILATION_CONDITIONS = DEBUG;
				SWIFT_OPTIMIZATION_LEVEL = "-Onone";
			};
			name = Debug;
		};
		89B80D122468C16600EACD12 /* Release */ = {
			isa = XCBuildConfiguration;
			buildSettings = {
				ALWAYS_SEARCH_USER_PATHS = NO;
				CLANG_ANALYZER_NONNULL = YES;
				CLANG_ANALYZER_NUMBER_OBJECT_CONVERSION = YES_AGGRESSIVE;
				CLANG_CXX_LANGUAGE_STANDARD = "gnu++14";
				CLANG_CXX_LIBRARY = "libc++";
				CLANG_ENABLE_MODULES = YES;
				CLANG_ENABLE_OBJC_ARC = YES;
				CLANG_ENABLE_OBJC_WEAK = YES;
				CLANG_WARN_BLOCK_CAPTURE_AUTORELEASING = YES;
				CLANG_WARN_BOOL_CONVERSION = YES;
				CLANG_WARN_COMMA = YES;
				CLANG_WARN_CONSTANT_CONVERSION = YES;
				CLANG_WARN_DEPRECATED_OBJC_IMPLEMENTATIONS = YES;
				CLANG_WARN_DIRECT_OBJC_ISA_USAGE = YES_ERROR;
				CLANG_WARN_DOCUMENTATION_COMMENTS = YES;
				CLANG_WARN_EMPTY_BODY = YES;
				CLANG_WARN_ENUM_CONVERSION = YES;
				CLANG_WARN_INFINITE_RECURSION = YES;
				CLANG_WARN_INT_CONVERSION = YES;
				CLANG_WARN_NON_LITERAL_NULL_CONVERSION = YES;
				CLANG_WARN_OBJC_IMPLICIT_RETAIN_SELF = YES;
				CLANG_WARN_OBJC_LITERAL_CONVERSION = YES;
				CLANG_WARN_OBJC_ROOT_CLASS = YES_ERROR;
				CLANG_WARN_RANGE_LOOP_ANALYSIS = YES;
				CLANG_WARN_STRICT_PROTOTYPES = YES;
				CLANG_WARN_SUSPICIOUS_MOVE = YES;
				CLANG_WARN_UNGUARDED_AVAILABILITY = YES_AGGRESSIVE;
				CLANG_WARN_UNREACHABLE_CODE = YES;
				CLANG_WARN__DUPLICATE_METHOD_MATCH = YES;
				COPY_PHASE_STRIP = NO;
				DEBUG_INFORMATION_FORMAT = "dwarf-with-dsym";
				ENABLE_NS_ASSERTIONS = NO;
				ENABLE_STRICT_OBJC_MSGSEND = YES;
				GCC_C_LANGUAGE_STANDARD = gnu11;
				GCC_NO_COMMON_BLOCKS = YES;
				GCC_WARN_64_TO_32_BIT_CONVERSION = YES;
				GCC_WARN_ABOUT_RETURN_TYPE = YES_ERROR;
				GCC_WARN_UNDECLARED_SELECTOR = YES;
				GCC_WARN_UNINITIALIZED_AUTOS = YES_AGGRESSIVE;
				GCC_WARN_UNUSED_FUNCTION = YES;
				GCC_WARN_UNUSED_VARIABLE = YES;
				IPHONEOS_DEPLOYMENT_TARGET = 13.4;
				MTL_ENABLE_DEBUG_INFO = NO;
				MTL_FAST_MATH = YES;
				SDKROOT = iphoneos;
				SWIFT_COMPILATION_MODE = wholemodule;
				SWIFT_OPTIMIZATION_LEVEL = "-O";
				VALIDATE_PRODUCT = YES;
			};
			name = Release;
		};
		89B80D142468C16600EACD12 /* Debug */ = {
			isa = XCBuildConfiguration;
			buildSettings = {
				ASSETCATALOG_COMPILER_APPICON_NAME = AppIcon;
				CODE_SIGN_STYLE = Automatic;
				DEVELOPMENT_TEAM = HPYASBF6D2;
				INFOPLIST_FILE = "COVID-Live/Info.plist";
				LD_RUNPATH_SEARCH_PATHS = (
					"$(inherited)",
					"@executable_path/Frameworks",
				);
				PRODUCT_BUNDLE_IDENTIFIER = "SS.COVID-Live";
				PRODUCT_NAME = "$(TARGET_NAME)";
				SWIFT_VERSION = 5.0;
				TARGETED_DEVICE_FAMILY = "1,2";
			};
			name = Debug;
		};
		89B80D152468C16600EACD12 /* Release */ = {
			isa = XCBuildConfiguration;
			buildSettings = {
				ASSETCATALOG_COMPILER_APPICON_NAME = AppIcon;
				CODE_SIGN_STYLE = Automatic;
				DEVELOPMENT_TEAM = HPYASBF6D2;
				INFOPLIST_FILE = "COVID-Live/Info.plist";
				LD_RUNPATH_SEARCH_PATHS = (
					"$(inherited)",
					"@executable_path/Frameworks",
				);
				PRODUCT_BUNDLE_IDENTIFIER = "SS.COVID-Live";
				PRODUCT_NAME = "$(TARGET_NAME)";
				SWIFT_VERSION = 5.0;
				TARGETED_DEVICE_FAMILY = "1,2";
			};
			name = Release;
		};
/* End XCBuildConfiguration section */

/* Begin XCConfigurationList section */
		89B80CFA2468C16100EACD12 /* Build configuration list for PBXProject "COVID-Live" */ = {
			isa = XCConfigurationList;
			buildConfigurations = (
				89B80D112468C16600EACD12 /* Debug */,
				89B80D122468C16600EACD12 /* Release */,
			);
			defaultConfigurationIsVisible = 0;
			defaultConfigurationName = Release;
		};
		89B80D132468C16600EACD12 /* Build configuration list for PBXNativeTarget "COVID-Live" */ = {
			isa = XCConfigurationList;
			buildConfigurations = (
				89B80D142468C16600EACD12 /* Debug */,
				89B80D152468C16600EACD12 /* Release */,
			);
			defaultConfigurationIsVisible = 0;
			defaultConfigurationName = Release;
		};
/* End XCConfigurationList section */
	};
	rootObject = 89B80CF72468C16100EACD12 /* Project object */;
}
